
Microsoft Visual Studio Solution File, Format Version 12.00
# Visual Studio Version 16
VisualStudioVersion = 16.0.29319.158
MinimumVisualStudioVersion = 10.0.40219.1
Project("{2150E333-8FDC-42A3-9474-1A3956D46DE8}") = "src", "src", "{6ED356A7-8B47-4613-AD01-C85CF28491BD}"
EndProject
Project("{2150E333-8FDC-42A3-9474-1A3956D46DE8}") = "tests", "tests", "{664D406C-2F83-48F0-BFC3-408D5CB53C65}"
EndProject
Project("{9A19103F-16F7-4668-BE54-9A1E7A4F7556}") = "Checkout.Domain", "src\Checkout.Domain\Checkout.Domain.csproj", "{1F6D0122-AA51-4EC5-BF96-57531DA6A9A2}"
EndProject
Project("{9A19103F-16F7-4668-BE54-9A1E7A4F7556}") = "Checkout.Gateway.Application", "src\Checkout.Gateway.Application\Checkout.Gateway.Application.csproj", "{1CADC7F7-98A9-4ACF-BBA6-127D65E8340E}"
EndProject
Project("{9A19103F-16F7-4668-BE54-9A1E7A4F7556}") = "Checkout.Gateway.Application.UnitTests", "tests\Checkout.Gateway.Application.UnitTests\Checkout.Gateway.Application.UnitTests.csproj", "{6E432938-C95D-4E54-9CA1-9B1A42EACF05}"
EndProject
Project("{9A19103F-16F7-4668-BE54-9A1E7A4F7556}") = "Checkout.Gateway.Infrastructure", "src\Checkout.Gateway.Infrastructure\Checkout.Gateway.Infrastructure.csproj", "{21B5C2FE-EE8C-49C7-AE83-B3AB1E54608A}"
EndProject
Project("{9A19103F-16F7-4668-BE54-9A1E7A4F7556}") = "Checkout.Gateway.WebApi", "src\Checkout.Gateway.WebApi\Checkout.Gateway.WebApi.csproj", "{D4D91A7F-7993-461F-AFA8-CA293337CD24}"
EndProject
Project("{9A19103F-16F7-4668-BE54-9A1E7A4F7556}") = "Checkout.WebApi.Common", "src\Checkout.WebApi.Common\Checkout.WebApi.Common.csproj", "{2B713D50-5CDE-40FB-9D44-A44A0CC3931A}"
EndProject
Project("{9A19103F-16F7-4668-BE54-9A1E7A4F7556}") = "Checkout.Infrastructure.Common", "src\Checkout.Infrastructure.Common\Checkout.Infrastructure.Common.csproj", "{A80E327C-031C-4192-B9BF-998930815DCC}"
EndProject
Project("{2150E333-8FDC-42A3-9474-1A3956D46DE8}") = "Gateway", "Gateway", "{2B8E4912-EF58-4399-8617-B7456001E140}"
EndProject
Project("{2150E333-8FDC-42A3-9474-1A3956D46DE8}") = "Identity", "Identity", "{3FF59D1D-767E-4E2D-BAC8-8A98BD0CEB51}"
EndProject
Project("{9A19103F-16F7-4668-BE54-9A1E7A4F7556}") = "Checkout.Identity.Application", "src\Checkout.Identity.Application\Checkout.Identity.Application.csproj", "{134B33EC-247E-4FDC-BEA4-2B44E5B095F6}"
EndProject
Project("{9A19103F-16F7-4668-BE54-9A1E7A4F7556}") = "Checkout.Identity.Infrastructure", "src\Checkout.Identity.Infrastructure\Checkout.Identity.Infrastructure.csproj", "{9A3BB579-2B51-45D5-96D3-7A09717E4AA7}"
EndProject
Project("{9A19103F-16F7-4668-BE54-9A1E7A4F7556}") = "Checkout.Identity.WebApi", "src\Checkout.Identity.WebApi\Checkout.Identity.WebApi.csproj", "{2AF039FA-0EA1-415C-9C00-87519C8A06A4}"
EndProject
Project("{2150E333-8FDC-42A3-9474-1A3956D46DE8}") = "Common", "Common", "{07E715B9-2E8B-4C08-BC07-1BBA2FA79E42}"
EndProject
Project("{2150E333-8FDC-42A3-9474-1A3956D46DE8}") = "Query", "Query", "{7EC00130-4CBF-4C75-BFDE-5618699357B5}"
EndProject
Project("{9A19103F-16F7-4668-BE54-9A1E7A4F7556}") = "Checkout.Query.Application", "src\Checkout.Query.Application\Checkout.Query.Application.csproj", "{639DFDDD-66D0-49DA-961D-EF15EDEB3E52}"
EndProject
Project("{9A19103F-16F7-4668-BE54-9A1E7A4F7556}") = "Checkout.Query.Infrastructure", "src\Checkout.Query.Infrastructure\Checkout.Query.Infrastructure.csproj", "{E26A360C-E665-4230-A4E6-66C854530653}"
EndProject
Project("{FAE04EC0-301F-11D3-BF4B-00C04F79EFBC}") = "Checkout.Query.WebApi", "src\Checkout.Query.WebApi\Checkout.Query.WebApi.csproj", "{8BEC5F02-BC18-4018-948A-FCCD90355F45}"
EndProject
Global
	GlobalSection(SolutionConfigurationPlatforms) = preSolution
		Debug|Any CPU = Debug|Any CPU
		Release|Any CPU = Release|Any CPU
	EndGlobalSection
	GlobalSection(ProjectConfigurationPlatforms) = postSolution
		{1F6D0122-AA51-4EC5-BF96-57531DA6A9A2}.Debug|Any CPU.ActiveCfg = Debug|Any CPU
		{1F6D0122-AA51-4EC5-BF96-57531DA6A9A2}.Debug|Any CPU.Build.0 = Debug|Any CPU
		{1F6D0122-AA51-4EC5-BF96-57531DA6A9A2}.Release|Any CPU.ActiveCfg = Release|Any CPU
		{1F6D0122-AA51-4EC5-BF96-57531DA6A9A2}.Release|Any CPU.Build.0 = Release|Any CPU
		{1CADC7F7-98A9-4ACF-BBA6-127D65E8340E}.Debug|Any CPU.ActiveCfg = Debug|Any CPU
		{1CADC7F7-98A9-4ACF-BBA6-127D65E8340E}.Debug|Any CPU.Build.0 = Debug|Any CPU
		{1CADC7F7-98A9-4ACF-BBA6-127D65E8340E}.Release|Any CPU.ActiveCfg = Release|Any CPU
		{1CADC7F7-98A9-4ACF-BBA6-127D65E8340E}.Release|Any CPU.Build.0 = Release|Any CPU
		{6E432938-C95D-4E54-9CA1-9B1A42EACF05}.Debug|Any CPU.ActiveCfg = Debug|Any CPU
		{6E432938-C95D-4E54-9CA1-9B1A42EACF05}.Debug|Any CPU.Build.0 = Debug|Any CPU
		{6E432938-C95D-4E54-9CA1-9B1A42EACF05}.Release|Any CPU.ActiveCfg = Release|Any CPU
		{6E432938-C95D-4E54-9CA1-9B1A42EACF05}.Release|Any CPU.Build.0 = Release|Any CPU
		{21B5C2FE-EE8C-49C7-AE83-B3AB1E54608A}.Debug|Any CPU.ActiveCfg = Debug|Any CPU
		{21B5C2FE-EE8C-49C7-AE83-B3AB1E54608A}.Debug|Any CPU.Build.0 = Debug|Any CPU
		{21B5C2FE-EE8C-49C7-AE83-B3AB1E54608A}.Release|Any CPU.ActiveCfg = Release|Any CPU
		{21B5C2FE-EE8C-49C7-AE83-B3AB1E54608A}.Release|Any CPU.Build.0 = Release|Any CPU
		{D4D91A7F-7993-461F-AFA8-CA293337CD24}.Debug|Any CPU.ActiveCfg = Debug|Any CPU
		{D4D91A7F-7993-461F-AFA8-CA293337CD24}.Debug|Any CPU.Build.0 = Debug|Any CPU
		{D4D91A7F-7993-461F-AFA8-CA293337CD24}.Release|Any CPU.ActiveCfg = Release|Any CPU
		{D4D91A7F-7993-461F-AFA8-CA293337CD24}.Release|Any CPU.Build.0 = Release|Any CPU
		{2B713D50-5CDE-40FB-9D44-A44A0CC3931A}.Debug|Any CPU.ActiveCfg = Debug|Any CPU
		{2B713D50-5CDE-40FB-9D44-A44A0CC3931A}.Debug|Any CPU.Build.0 = Debug|Any CPU
		{2B713D50-5CDE-40FB-9D44-A44A0CC3931A}.Release|Any CPU.ActiveCfg = Release|Any CPU
		{2B713D50-5CDE-40FB-9D44-A44A0CC3931A}.Release|Any CPU.Build.0 = Release|Any CPU
		{A80E327C-031C-4192-B9BF-998930815DCC}.Debug|Any CPU.ActiveCfg = Debug|Any CPU
		{A80E327C-031C-4192-B9BF-998930815DCC}.Debug|Any CPU.Build.0 = Debug|Any CPU
		{A80E327C-031C-4192-B9BF-998930815DCC}.Release|Any CPU.ActiveCfg = Release|Any CPU
		{A80E327C-031C-4192-B9BF-998930815DCC}.Release|Any CPU.Build.0 = Release|Any CPU
		{134B33EC-247E-4FDC-BEA4-2B44E5B095F6}.Debug|Any CPU.ActiveCfg = Debug|Any CPU
		{134B33EC-247E-4FDC-BEA4-2B44E5B095F6}.Debug|Any CPU.Build.0 = Debug|Any CPU
		{134B33EC-247E-4FDC-BEA4-2B44E5B095F6}.Release|Any CPU.ActiveCfg = Release|Any CPU
		{134B33EC-247E-4FDC-BEA4-2B44E5B095F6}.Release|Any CPU.Build.0 = Release|Any CPU
		{9A3BB579-2B51-45D5-96D3-7A09717E4AA7}.Debug|Any CPU.ActiveCfg = Debug|Any CPU
		{9A3BB579-2B51-45D5-96D3-7A09717E4AA7}.Debug|Any CPU.Build.0 = Debug|Any CPU
		{9A3BB579-2B51-45D5-96D3-7A09717E4AA7}.Release|Any CPU.ActiveCfg = Release|Any CPU
		{9A3BB579-2B51-45D5-96D3-7A09717E4AA7}.Release|Any CPU.Build.0 = Release|Any CPU
		{2AF039FA-0EA1-415C-9C00-87519C8A06A4}.Debug|Any CPU.ActiveCfg = Debug|Any CPU
		{2AF039FA-0EA1-415C-9C00-87519C8A06A4}.Debug|Any CPU.Build.0 = Debug|Any CPU
		{2AF039FA-0EA1-415C-9C00-87519C8A06A4}.Release|Any CPU.ActiveCfg = Release|Any CPU
		{2AF039FA-0EA1-415C-9C00-87519C8A06A4}.Release|Any CPU.Build.0 = Release|Any CPU
		{639DFDDD-66D0-49DA-961D-EF15EDEB3E52}.Debug|Any CPU.ActiveCfg = Debug|Any CPU
		{639DFDDD-66D0-49DA-961D-EF15EDEB3E52}.Debug|Any CPU.Build.0 = Debug|Any CPU
		{639DFDDD-66D0-49DA-961D-EF15EDEB3E52}.Release|Any CPU.ActiveCfg = Release|Any CPU
		{639DFDDD-66D0-49DA-961D-EF15EDEB3E52}.Release|Any CPU.Build.0 = Release|Any CPU
		{E26A360C-E665-4230-A4E6-66C854530653}.Debug|Any CPU.ActiveCfg = Debug|Any CPU
		{E26A360C-E665-4230-A4E6-66C854530653}.Debug|Any CPU.Build.0 = Debug|Any CPU
		{E26A360C-E665-4230-A4E6-66C854530653}.Release|Any CPU.ActiveCfg = Release|Any CPU
		{E26A360C-E665-4230-A4E6-66C854530653}.Release|Any CPU.Build.0 = Release|Any CPU
		{8BEC5F02-BC18-4018-948A-FCCD90355F45}.Debug|Any CPU.ActiveCfg = Debug|Any CPU
		{8BEC5F02-BC18-4018-948A-FCCD90355F45}.Debug|Any CPU.Build.0 = Debug|Any CPU
		{8BEC5F02-BC18-4018-948A-FCCD90355F45}.Release|Any CPU.ActiveCfg = Release|Any CPU
		{8BEC5F02-BC18-4018-948A-FCCD90355F45}.Release|Any CPU.Build.0 = Release|Any CPU
	EndGlobalSection
	GlobalSection(SolutionProperties) = preSolution
		HideSolutionNode = FALSE
	EndGlobalSection
	GlobalSection(NestedProjects) = preSolution
		{1F6D0122-AA51-4EC5-BF96-57531DA6A9A2} = {6ED356A7-8B47-4613-AD01-C85CF28491BD}
		{1CADC7F7-98A9-4ACF-BBA6-127D65E8340E} = {2B8E4912-EF58-4399-8617-B7456001E140}
		{6E432938-C95D-4E54-9CA1-9B1A42EACF05} = {664D406C-2F83-48F0-BFC3-408D5CB53C65}
		{21B5C2FE-EE8C-49C7-AE83-B3AB1E54608A} = {2B8E4912-EF58-4399-8617-B7456001E140}
		{D4D91A7F-7993-461F-AFA8-CA293337CD24} = {2B8E4912-EF58-4399-8617-B7456001E140}
		{2B713D50-5CDE-40FB-9D44-A44A0CC3931A} = {07E715B9-2E8B-4C08-BC07-1BBA2FA79E42}
		{A80E327C-031C-4192-B9BF-998930815DCC} = {07E715B9-2E8B-4C08-BC07-1BBA2FA79E42}
		{2B8E4912-EF58-4399-8617-B7456001E140} = {6ED356A7-8B47-4613-AD01-C85CF28491BD}
		{3FF59D1D-767E-4E2D-BAC8-8A98BD0CEB51} = {6ED356A7-8B47-4613-AD01-C85CF28491BD}
		{134B33EC-247E-4FDC-BEA4-2B44E5B095F6} = {3FF59D1D-767E-4E2D-BAC8-8A98BD0CEB51}
		{9A3BB579-2B51-45D5-96D3-7A09717E4AA7} = {3FF59D1D-767E-4E2D-BAC8-8A98BD0CEB51}
		{2AF039FA-0EA1-415C-9C00-87519C8A06A4} = {3FF59D1D-767E-4E2D-BAC8-8A98BD0CEB51}
		{07E715B9-2E8B-4C08-BC07-1BBA2FA79E42} = {6ED356A7-8B47-4613-AD01-C85CF28491BD}
		{7EC00130-4CBF-4C75-BFDE-5618699357B5} = {6ED356A7-8B47-4613-AD01-C85CF28491BD}
		{639DFDDD-66D0-49DA-961D-EF15EDEB3E52} = {7EC00130-4CBF-4C75-BFDE-5618699357B5}
		{E26A360C-E665-4230-A4E6-66C854530653} = {7EC00130-4CBF-4C75-BFDE-5618699357B5}
		{8BEC5F02-BC18-4018-948A-FCCD90355F45} = {7EC00130-4CBF-4C75-BFDE-5618699357B5}
	EndGlobalSection
	GlobalSection(ExtensibilityGlobals) = postSolution
		SolutionGuid = {3CB609D9-5D54-4C11-A371-DAAC8B74E430}
	EndGlobalSection
EndGlobal
